// !$*UTF8*$!
{
	archiveVersion = 1;
	classes = {
	};
	objectVersion = 46;
	objects = {

/* Begin PBXBuildFile section */
		AC54F88A14E4013D00F36F59 /* libssl.dylib in Frameworks */ = {isa = PBXBuildFile; fileRef = AC54F88914E4013D00F36F59 /* libssl.dylib */; };
		AC54F88C14E4131800F36F59 /* libcrypto.dylib in Frameworks */ = {isa = PBXBuildFile; fileRef = AC54F88B14E4131800F36F59 /* libcrypto.dylib */; };
		AC56F83514E6DE6600F7F882 /* LCBlob.c in Sources */ = {isa = PBXBuildFile; fileRef = AC56F81A14E6DE6600F7F882 /* LCBlob.c */; };
		AC56F83614E6DE6600F7F882 /* LCCommitStage.c in Sources */ = {isa = PBXBuildFile; fileRef = AC56F81C14E6DE6600F7F882 /* LCCommitStage.c */; };
		AC56F83714E6DE6600F7F882 /* LCKeyValue.c in Sources */ = {isa = PBXBuildFile; fileRef = AC56F81E14E6DE6600F7F882 /* LCKeyValue.c */; };
		AC56F83814E6DE6600F7F882 /* LCSHA.c in Sources */ = {isa = PBXBuildFile; fileRef = AC56F82114E6DE6600F7F882 /* LCSHA.c */; };
		AC56F83914E6DE6600F7F882 /* LCString.c in Sources */ = {isa = PBXBuildFile; fileRef = AC56F82414E6DE6600F7F882 /* LCString.c */; };
		AC56F83A14E6DE6600F7F882 /* LCBlobStore.c in Sources */ = {isa = PBXBuildFile; fileRef = AC56F82714E6DE6600F7F882 /* LCBlobStore.c */; };
		AC56F83B14E6DE6600F7F882 /* LCKeyValueSHA.c in Sources */ = {isa = PBXBuildFile; fileRef = AC56F82914E6DE6600F7F882 /* LCKeyValueSHA.c */; };
		AC56F83C14E6DE6600F7F882 /* LCTree.c in Sources */ = {isa = PBXBuildFile; fileRef = AC56F82B14E6DE6600F7F882 /* LCTree.c */; };
		AC56F83D14E6DE6600F7F882 /* LCUtils.c in Sources */ = {isa = PBXBuildFile; fileRef = AC56F82D14E6DE6600F7F882 /* LCUtils.c */; };
		AC56F83E14E6DE6600F7F882 /* main.c in Sources */ = {isa = PBXBuildFile; fileRef = AC56F83014E6DE6600F7F882 /* main.c */; };
		AC56F83F14E6DE6600F7F882 /* LivelyStoreTests.c in Sources */ = {isa = PBXBuildFile; fileRef = AC56F83214E6DE6600F7F882 /* LivelyStoreTests.c */; };
		ACC16AF014E6EF6900E04411 /* LCBlobArray.c in Sources */ = {isa = PBXBuildFile; fileRef = ACC16AEF14E6EF6900E04411 /* LCBlobArray.c */; };
/* End PBXBuildFile section */

/* Begin PBXCopyFilesBuildPhase section */
		ACC5367D14DC81E500DC693F /* CopyFiles */ = {
			isa = PBXCopyFilesBuildPhase;
			buildActionMask = 2147483647;
			dstPath = /usr/share/man/man1/;
			dstSubfolderSpec = 0;
			files = (
			);
			runOnlyForDeploymentPostprocessing = 1;
		};
/* End PBXCopyFilesBuildPhase section */

/* Begin PBXFileReference section */
		AC54F88914E4013D00F36F59 /* libssl.dylib */ = {isa = PBXFileReference; lastKnownFileType = "compiled.mach-o.dylib"; name = libssl.dylib; path = usr/lib/libssl.dylib; sourceTree = SDKROOT; };
		AC54F88B14E4131800F36F59 /* libcrypto.dylib */ = {isa = PBXFileReference; lastKnownFileType = "compiled.mach-o.dylib"; name = libcrypto.dylib; path = usr/lib/libcrypto.dylib; sourceTree = SDKROOT; };
		AC56F81A14E6DE6600F7F882 /* LCBlob.c */ = {isa = PBXFileReference; fileEncoding = 4; lastKnownFileType = sourcecode.c.c; path = LCBlob.c; sourceTree = "<group>"; };
		AC56F81B14E6DE6600F7F882 /* LCBlob.h */ = {isa = PBXFileReference; fileEncoding = 4; lastKnownFileType = sourcecode.c.h; path = LCBlob.h; sourceTree = "<group>"; };
		AC56F81C14E6DE6600F7F882 /* LCCommitStage.c */ = {isa = PBXFileReference; fileEncoding = 4; lastKnownFileType = sourcecode.c.c; path = LCCommitStage.c; sourceTree = "<group>"; };
		AC56F81D14E6DE6600F7F882 /* LCCommitStage.h */ = {isa = PBXFileReference; fileEncoding = 4; lastKnownFileType = sourcecode.c.h; path = LCCommitStage.h; sourceTree = "<group>"; };
		AC56F81E14E6DE6600F7F882 /* LCKeyValue.c */ = {isa = PBXFileReference; fileEncoding = 4; lastKnownFileType = sourcecode.c.c; path = LCKeyValue.c; sourceTree = "<group>"; };
		AC56F81F14E6DE6600F7F882 /* LCKeyValue.h */ = {isa = PBXFileReference; fileEncoding = 4; lastKnownFileType = sourcecode.c.h; path = LCKeyValue.h; sourceTree = "<group>"; };
		AC56F82014E6DE6600F7F882 /* LCRemoteStore.h */ = {isa = PBXFileReference; fileEncoding = 4; lastKnownFileType = sourcecode.c.h; path = LCRemoteStore.h; sourceTree = "<group>"; };
		AC56F82114E6DE6600F7F882 /* LCSHA.c */ = {isa = PBXFileReference; fileEncoding = 4; lastKnownFileType = sourcecode.c.c; path = LCSHA.c; sourceTree = "<group>"; };
		AC56F82214E6DE6600F7F882 /* LCSHA.h */ = {isa = PBXFileReference; fileEncoding = 4; lastKnownFileType = sourcecode.c.h; path = LCSHA.h; sourceTree = "<group>"; };
		AC56F82314E6DE6600F7F882 /* LCStore.h */ = {isa = PBXFileReference; fileEncoding = 4; lastKnownFileType = sourcecode.c.h; path = LCStore.h; sourceTree = "<group>"; };
		AC56F82414E6DE6600F7F882 /* LCString.c */ = {isa = PBXFileReference; fileEncoding = 4; lastKnownFileType = sourcecode.c.c; path = LCString.c; sourceTree = "<group>"; };
		AC56F82514E6DE6600F7F882 /* LCString.h */ = {isa = PBXFileReference; fileEncoding = 4; lastKnownFileType = sourcecode.c.h; path = LCString.h; sourceTree = "<group>"; };
		AC56F82714E6DE6600F7F882 /* LCBlobStore.c */ = {isa = PBXFileReference; fileEncoding = 4; lastKnownFileType = sourcecode.c.c; path = LCBlobStore.c; sourceTree = "<group>"; };
		AC56F82814E6DE6600F7F882 /* LCBlobStore.h */ = {isa = PBXFileReference; fileEncoding = 4; lastKnownFileType = sourcecode.c.h; path = LCBlobStore.h; sourceTree = "<group>"; };
		AC56F82914E6DE6600F7F882 /* LCKeyValueSHA.c */ = {isa = PBXFileReference; fileEncoding = 4; lastKnownFileType = sourcecode.c.c; path = LCKeyValueSHA.c; sourceTree = "<group>"; };
		AC56F82A14E6DE6600F7F882 /* LCKeyValueSHA.h */ = {isa = PBXFileReference; fileEncoding = 4; lastKnownFileType = sourcecode.c.h; path = LCKeyValueSHA.h; sourceTree = "<group>"; };
		AC56F82B14E6DE6600F7F882 /* LCTree.c */ = {isa = PBXFileReference; fileEncoding = 4; lastKnownFileType = sourcecode.c.c; path = LCTree.c; sourceTree = "<group>"; };
		AC56F82C14E6DE6600F7F882 /* LCTree.h */ = {isa = PBXFileReference; fileEncoding = 4; lastKnownFileType = sourcecode.c.h; path = LCTree.h; sourceTree = "<group>"; };
		AC56F82D14E6DE6600F7F882 /* LCUtils.c */ = {isa = PBXFileReference; fileEncoding = 4; lastKnownFileType = sourcecode.c.c; path = LCUtils.c; sourceTree = "<group>"; };
		AC56F82E14E6DE6600F7F882 /* LCUtils.h */ = {isa = PBXFileReference; fileEncoding = 4; lastKnownFileType = sourcecode.c.h; path = LCUtils.h; sourceTree = "<group>"; };
		AC56F82F14E6DE6600F7F882 /* LivelyStore.h */ = {isa = PBXFileReference; fileEncoding = 4; lastKnownFileType = sourcecode.c.h; path = LivelyStore.h; sourceTree = "<group>"; };
		AC56F83014E6DE6600F7F882 /* main.c */ = {isa = PBXFileReference; fileEncoding = 4; lastKnownFileType = sourcecode.c.c; path = main.c; sourceTree = "<group>"; };
		AC56F83214E6DE6600F7F882 /* LivelyStoreTests.c */ = {isa = PBXFileReference; fileEncoding = 4; lastKnownFileType = sourcecode.c.c; path = LivelyStoreTests.c; sourceTree = "<group>"; };
		AC56F83314E6DE6600F7F882 /* LivelyStoreTests.h */ = {isa = PBXFileReference; fileEncoding = 4; lastKnownFileType = sourcecode.c.h; path = LivelyStoreTests.h; sourceTree = "<group>"; };
		AC56F83414E6DE6600F7F882 /* minuit.h */ = {isa = PBXFileReference; fileEncoding = 4; lastKnownFileType = sourcecode.c.h; path = minuit.h; sourceTree = "<group>"; };
		ACC16AED14E6EF6300E04411 /* LCBlobArray.h */ = {isa = PBXFileReference; fileEncoding = 4; lastKnownFileType = sourcecode.c.h; path = LCBlobArray.h; sourceTree = "<group>"; };
		ACC16AEF14E6EF6900E04411 /* LCBlobArray.c */ = {isa = PBXFileReference; fileEncoding = 4; lastKnownFileType = sourcecode.c.c; path = LCBlobArray.c; sourceTree = "<group>"; };
		ACC5367F14DC81E500DC693F /* LivelyStore */ = {isa = PBXFileReference; explicitFileType = "compiled.mach-o.executable"; includeInIndex = 0; path = LivelyStore; sourceTree = BUILT_PRODUCTS_DIR; };
/* End PBXFileReference section */

/* Begin PBXFrameworksBuildPhase section */
		ACC5367C14DC81E500DC693F /* Frameworks */ = {
			isa = PBXFrameworksBuildPhase;
			buildActionMask = 2147483647;
			files = (
				AC54F88C14E4131800F36F59 /* libcrypto.dylib in Frameworks */,
				AC54F88A14E4013D00F36F59 /* libssl.dylib in Frameworks */,
			);
			runOnlyForDeploymentPostprocessing = 0;
		};
/* End PBXFrameworksBuildPhase section */

/* Begin PBXGroup section */
		AC56F81914E6DE6600F7F882 /* LivelyStore */ = {
			isa = PBXGroup;
			children = (
				AC56F81A14E6DE6600F7F882 /* LCBlob.c */,
				AC56F81B14E6DE6600F7F882 /* LCBlob.h */,
				ACC16AED14E6EF6300E04411 /* LCBlobArray.h */,
				ACC16AEF14E6EF6900E04411 /* LCBlobArray.c */,
				AC56F81C14E6DE6600F7F882 /* LCCommitStage.c */,
				AC56F81D14E6DE6600F7F882 /* LCCommitStage.h */,
				AC56F81E14E6DE6600F7F882 /* LCKeyValue.c */,
				AC56F81F14E6DE6600F7F882 /* LCKeyValue.h */,
				AC56F82014E6DE6600F7F882 /* LCRemoteStore.h */,
				AC56F82114E6DE6600F7F882 /* LCSHA.c */,
				AC56F82214E6DE6600F7F882 /* LCSHA.h */,
				AC56F82314E6DE6600F7F882 /* LCStore.h */,
				AC56F82414E6DE6600F7F882 /* LCString.c */,
				AC56F82514E6DE6600F7F882 /* LCString.h */,
				AC56F82614E6DE6600F7F882 /* private */,
				AC56F83114E6DE6600F7F882 /* tests */,
			);
			path = LivelyStore;
			sourceTree = "<group>";
		};
		AC56F82614E6DE6600F7F882 /* private */ = {
			isa = PBXGroup;
			children = (
				AC56F82714E6DE6600F7F882 /* LCBlobStore.c */,
				AC56F82814E6DE6600F7F882 /* LCBlobStore.h */,
				AC56F82914E6DE6600F7F882 /* LCKeyValueSHA.c */,
				AC56F82A14E6DE6600F7F882 /* LCKeyValueSHA.h */,
				AC56F82B14E6DE6600F7F882 /* LCTree.c */,
				AC56F82C14E6DE6600F7F882 /* LCTree.h */,
				AC56F82D14E6DE6600F7F882 /* LCUtils.c */,
				AC56F82E14E6DE6600F7F882 /* LCUtils.h */,
				AC56F82F14E6DE6600F7F882 /* LivelyStore.h */,
				AC56F83014E6DE6600F7F882 /* main.c */,
			);
			path = private;
			sourceTree = "<group>";
		};
		AC56F83114E6DE6600F7F882 /* tests */ = {
			isa = PBXGroup;
			children = (
				AC56F83214E6DE6600F7F882 /* LivelyStoreTests.c */,
				AC56F83314E6DE6600F7F882 /* LivelyStoreTests.h */,
				AC56F83414E6DE6600F7F882 /* minuit.h */,
			);
			path = tests;
			sourceTree = "<group>";
		};
		ACC5367414DC81E400DC693F = {
			isa = PBXGroup;
			children = (
				AC56F81914E6DE6600F7F882 /* LivelyStore */,
				AC54F88B14E4131800F36F59 /* libcrypto.dylib */,
				AC54F88914E4013D00F36F59 /* libssl.dylib */,
				ACC5368014DC81E500DC693F /* Products */,
			);
			sourceTree = "<group>";
		};
		ACC5368014DC81E500DC693F /* Products */ = {
			isa = PBXGroup;
			children = (
				ACC5367F14DC81E500DC693F /* LivelyStore */,
			);
			name = Products;
			sourceTree = "<group>";
		};
/* End PBXGroup section */

/* Begin PBXNativeTarget section */
		ACC5367E14DC81E500DC693F /* LivelyStore */ = {
			isa = PBXNativeTarget;
			buildConfigurationList = ACC5368914DC81E500DC693F /* Build configuration list for PBXNativeTarget "LivelyStore" */;
			buildPhases = (
				ACC5367B14DC81E500DC693F /* Sources */,
				ACC5367C14DC81E500DC693F /* Frameworks */,
				ACC5367D14DC81E500DC693F /* CopyFiles */,
			);
			buildRules = (
			);
			dependencies = (
			);
			name = LivelyStore;
			productName = LivelyStore;
			productReference = ACC5367F14DC81E500DC693F /* LivelyStore */;
			productType = "com.apple.product-type.tool";
		};
/* End PBXNativeTarget section */

/* Begin PBXProject section */
		ACC5367614DC81E400DC693F /* Project object */ = {
			isa = PBXProject;
			attributes = {
				LastUpgradeCheck = 0420;
			};
			buildConfigurationList = ACC5367914DC81E400DC693F /* Build configuration list for PBXProject "LivelyStore" */;
			compatibilityVersion = "Xcode 3.2";
			developmentRegion = English;
			hasScannedForEncodings = 0;
			knownRegions = (
				en,
			);
			mainGroup = ACC5367414DC81E400DC693F;
			productRefGroup = ACC5368014DC81E500DC693F /* Products */;
			projectDirPath = "";
			projectRoot = "";
			targets = (
				ACC5367E14DC81E500DC693F /* LivelyStore */,
			);
		};
/* End PBXProject section */

/* Begin PBXSourcesBuildPhase section */
		ACC5367B14DC81E500DC693F /* Sources */ = {
			isa = PBXSourcesBuildPhase;
			buildActionMask = 2147483647;
			files = (
				AC56F83514E6DE6600F7F882 /* LCBlob.c in Sources */,
				AC56F83614E6DE6600F7F882 /* LCCommitStage.c in Sources */,
				AC56F83714E6DE6600F7F882 /* LCKeyValue.c in Sources */,
				AC56F83814E6DE6600F7F882 /* LCSHA.c in Sources */,
				AC56F83914E6DE6600F7F882 /* LCString.c in Sources */,
				AC56F83A14E6DE6600F7F882 /* LCBlobStore.c in Sources */,
				AC56F83B14E6DE6600F7F882 /* LCKeyValueSHA.c in Sources */,
				AC56F83C14E6DE6600F7F882 /* LCTree.c in Sources */,
				AC56F83D14E6DE6600F7F882 /* LCUtils.c in Sources */,
				AC56F83E14E6DE6600F7F882 /* main.c in Sources */,
				AC56F83F14E6DE6600F7F882 /* LivelyStoreTests.c in Sources */,
				ACC16AF014E6EF6900E04411 /* LCBlobArray.c in Sources */,
			);
			runOnlyForDeploymentPostprocessing = 0;
		};
/* End PBXSourcesBuildPhase section */

/* Begin XCBuildConfiguration section */
		ACC5368714DC81E500DC693F /* Debug */ = {
			isa = XCBuildConfiguration;
			buildSettings = {
				ALWAYS_SEARCH_USER_PATHS = NO;
				ARCHS = "$(ARCHS_STANDARD_64_BIT)";
				COPY_PHASE_STRIP = NO;
				GCC_C_LANGUAGE_STANDARD = gnu99;
				GCC_DYNAMIC_NO_PIC = NO;
				GCC_ENABLE_OBJC_EXCEPTIONS = YES;
				GCC_OPTIMIZATION_LEVEL = 0;
				GCC_PREPROCESSOR_DEFINITIONS = (
					"DEBUG=1",
					"$(inherited)",
				);
				GCC_SYMBOLS_PRIVATE_EXTERN = NO;
				GCC_VERSION = com.apple.compilers.llvm.clang.1_0;
				GCC_WARN_64_TO_32_BIT_CONVERSION = YES;
				GCC_WARN_ABOUT_MISSING_PROTOTYPES = YES;
				GCC_WARN_ABOUT_RETURN_TYPE = YES;
				GCC_WARN_UNUSED_VARIABLE = YES;
				MACOSX_DEPLOYMENT_TARGET = 10.7;
				ONLY_ACTIVE_ARCH = YES;
				SDKROOT = macosx;
			};
			name = Debug;
		};
		ACC5368814DC81E500DC693F /* Release */ = {
			isa = XCBuildConfiguration;
			buildSettings = {
				ALWAYS_SEARCH_USER_PATHS = NO;
				ARCHS = "$(ARCHS_STANDARD_64_BIT)";
				COPY_PHASE_STRIP = YES;
				DEBUG_INFORMATION_FORMAT = "dwarf-with-dsym";
				GCC_C_LANGUAGE_STANDARD = gnu99;
				GCC_ENABLE_OBJC_EXCEPTIONS = YES;
				GCC_VERSION = com.apple.compilers.llvm.clang.1_0;
				GCC_WARN_64_TO_32_BIT_CONVERSION = YES;
				GCC_WARN_ABOUT_MISSING_PROTOTYPES = YES;
				GCC_WARN_ABOUT_RETURN_TYPE = YES;
				GCC_WARN_UNUSED_VARIABLE = YES;
				MACOSX_DEPLOYMENT_TARGET = 10.7;
				SDKROOT = macosx;
			};
			name = Release;
		};
		ACC5368A14DC81E500DC693F /* Debug */ = {
			isa = XCBuildConfiguration;
			buildSettings = {
				PRODUCT_NAME = "$(TARGET_NAME)";
			};
			name = Debug;
		};
		ACC5368B14DC81E500DC693F /* Release */ = {
			isa = XCBuildConfiguration;
			buildSettings = {
				PRODUCT_NAME = "$(TARGET_NAME)";
			};
			name = Release;
		};
/* End XCBuildConfiguration section */

/* Begin XCConfigurationList section */
		ACC5367914DC81E400DC693F /* Build configuration list for PBXProject "LivelyStore" */ = {
			isa = XCConfigurationList;
			buildConfigurations = (
				ACC5368714DC81E500DC693F /* Debug */,
				ACC5368814DC81E500DC693F /* Release */,
			);
			defaultConfigurationIsVisible = 0;
			defaultConfigurationName = Release;
		};
		ACC5368914DC81E500DC693F /* Build configuration list for PBXNativeTarget "LivelyStore" */ = {
			isa = XCConfigurationList;
			buildConfigurations = (
				ACC5368A14DC81E500DC693F /* Debug */,
				ACC5368B14DC81E500DC693F /* Release */,
			);
			defaultConfigurationIsVisible = 0;
			defaultConfigurationName = Release;
		};
/* End XCConfigurationList section */
	};
	rootObject = ACC5367614DC81E400DC693F /* Project object */;
}
