// !$*UTF8*$!
{
	archiveVersion = 1;
	classes = {
	};
	objectVersion = 46;
	objects = {

/* Begin PBXBuildFile section */
		ACC5368414DC81E500DC693F /* main.c in Sources */ = {isa = PBXBuildFile; fileRef = ACC5368314DC81E500DC693F /* main.c */; };
		ACC5368614DC81E500DC693F /* LivelyStore.1 in CopyFiles */ = {isa = PBXBuildFile; fileRef = ACC5368514DC81E500DC693F /* LivelyStore.1 */; };
/* End PBXBuildFile section */

/* Begin PBXCopyFilesBuildPhase section */
		ACC5367D14DC81E500DC693F /* CopyFiles */ = {
			isa = PBXCopyFilesBuildPhase;
			buildActionMask = 2147483647;
			dstPath = /usr/share/man/man1/;
			dstSubfolderSpec = 0;
			files = (
				ACC5368614DC81E500DC693F /* LivelyStore.1 in CopyFiles */,
			);
			runOnlyForDeploymentPostprocessing = 1;
		};
/* End PBXCopyFilesBuildPhase section */

/* Begin PBXFileReference section */
		ACC5367F14DC81E500DC693F /* LivelyStore */ = {isa = PBXFileReference; explicitFileType = "compiled.mach-o.executable"; includeInIndex = 0; path = LivelyStore; sourceTree = BUILT_PRODUCTS_DIR; };
		ACC5368314DC81E500DC693F /* main.c */ = {isa = PBXFileReference; lastKnownFileType = sourcecode.c.c; path = main.c; sourceTree = "<group>"; };
		ACC5368514DC81E500DC693F /* LivelyStore.1 */ = {isa = PBXFileReference; lastKnownFileType = text.man; path = LivelyStore.1; sourceTree = "<group>"; };
/* End PBXFileReference section */

/* Begin PBXFrameworksBuildPhase section */
		ACC5367C14DC81E500DC693F /* Frameworks */ = {
			isa = PBXFrameworksBuildPhase;
			buildActionMask = 2147483647;
			files = (
			);
			runOnlyForDeploymentPostprocessing = 0;
		};
/* End PBXFrameworksBuildPhase section */

/* Begin PBXGroup section */
		ACC5367414DC81E400DC693F = {
			isa = PBXGroup;
			children = (
				ACC5368214DC81E500DC693F /* LivelyStore */,
				ACC5368014DC81E500DC693F /* Products */,
			);
			sourceTree = "<group>";
		};
		ACC5368014DC81E500DC693F /* Products */ = {
			isa = PBXGroup;
			children = (
				ACC5367F14DC81E500DC693F /* LivelyStore */,
			);
			name = Products;
			sourceTree = "<group>";
		};
		ACC5368214DC81E500DC693F /* LivelyStore */ = {
			isa = PBXGroup;
			children = (
				ACC5368314DC81E500DC693F /* main.c */,
				ACC5368514DC81E500DC693F /* LivelyStore.1 */,
			);
			path = LivelyStore;
			sourceTree = "<group>";
		};
/* End PBXGroup section */

/* Begin PBXNativeTarget section */
		ACC5367E14DC81E500DC693F /* LivelyStore */ = {
			isa = PBXNativeTarget;
			buildConfigurationList = ACC5368914DC81E500DC693F /* Build configuration list for PBXNativeTarget "LivelyStore" */;
			buildPhases = (
				ACC5367B14DC81E500DC693F /* Sources */,
				ACC5367C14DC81E500DC693F /* Frameworks */,
				ACC5367D14DC81E500DC693F /* CopyFiles */,
			);
			buildRules = (
			);
			dependencies = (
			);
			name = LivelyStore;
			productName = LivelyStore;
			productReference = ACC5367F14DC81E500DC693F /* LivelyStore */;
			productType = "com.apple.product-type.tool";
		};
/* End PBXNativeTarget section */

/* Begin PBXProject section */
		ACC5367614DC81E400DC693F /* Project object */ = {
			isa = PBXProject;
			attributes = {
				LastUpgradeCheck = 0420;
			};
			buildConfigurationList = ACC5367914DC81E400DC693F /* Build configuration list for PBXProject "LivelyStore" */;
			compatibilityVersion = "Xcode 3.2";
			developmentRegion = English;
			hasScannedForEncodings = 0;
			knownRegions = (
				en,
			);
			mainGroup = ACC5367414DC81E400DC693F;
			productRefGroup = ACC5368014DC81E500DC693F /* Products */;
			projectDirPath = "";
			projectRoot = "";
			targets = (
				ACC5367E14DC81E500DC693F /* LivelyStore */,
			);
		};
/* End PBXProject section */

/* Begin PBXSourcesBuildPhase section */
		ACC5367B14DC81E500DC693F /* Sources */ = {
			isa = PBXSourcesBuildPhase;
			buildActionMask = 2147483647;
			files = (
				ACC5368414DC81E500DC693F /* main.c in Sources */,
			);
			runOnlyForDeploymentPostprocessing = 0;
		};
/* End PBXSourcesBuildPhase section */

/* Begin XCBuildConfiguration section */
		ACC5368714DC81E500DC693F /* Debug */ = {
			isa = XCBuildConfiguration;
			buildSettings = {
				ALWAYS_SEARCH_USER_PATHS = NO;
				ARCHS = "$(ARCHS_STANDARD_64_BIT)";
				COPY_PHASE_STRIP = NO;
				GCC_C_LANGUAGE_STANDARD = gnu99;
				GCC_DYNAMIC_NO_PIC = NO;
				GCC_ENABLE_OBJC_EXCEPTIONS = YES;
				GCC_OPTIMIZATION_LEVEL = 0;
				GCC_PREPROCESSOR_DEFINITIONS = (
					"DEBUG=1",
					"$(inherited)",
				);
				GCC_SYMBOLS_PRIVATE_EXTERN = NO;
				GCC_VERSION = com.apple.compilers.llvm.clang.1_0;
				GCC_WARN_64_TO_32_BIT_CONVERSION = YES;
				GCC_WARN_ABOUT_MISSING_PROTOTYPES = YES;
				GCC_WARN_ABOUT_RETURN_TYPE = YES;
				GCC_WARN_UNUSED_VARIABLE = YES;
				MACOSX_DEPLOYMENT_TARGET = 10.7;
				ONLY_ACTIVE_ARCH = YES;
				SDKROOT = macosx;
			};
			name = Debug;
		};
		ACC5368814DC81E500DC693F /* Release */ = {
			isa = XCBuildConfiguration;
			buildSettings = {
				ALWAYS_SEARCH_USER_PATHS = NO;
				ARCHS = "$(ARCHS_STANDARD_64_BIT)";
				COPY_PHASE_STRIP = YES;
				DEBUG_INFORMATION_FORMAT = "dwarf-with-dsym";
				GCC_C_LANGUAGE_STANDARD = gnu99;
				GCC_ENABLE_OBJC_EXCEPTIONS = YES;
				GCC_VERSION = com.apple.compilers.llvm.clang.1_0;
				GCC_WARN_64_TO_32_BIT_CONVERSION = YES;
				GCC_WARN_ABOUT_MISSING_PROTOTYPES = YES;
				GCC_WARN_ABOUT_RETURN_TYPE = YES;
				GCC_WARN_UNUSED_VARIABLE = YES;
				MACOSX_DEPLOYMENT_TARGET = 10.7;
				SDKROOT = macosx;
			};
			name = Release;
		};
		ACC5368A14DC81E500DC693F /* Debug */ = {
			isa = XCBuildConfiguration;
			buildSettings = {
				PRODUCT_NAME = "$(TARGET_NAME)";
			};
			name = Debug;
		};
		ACC5368B14DC81E500DC693F /* Release */ = {
			isa = XCBuildConfiguration;
			buildSettings = {
				PRODUCT_NAME = "$(TARGET_NAME)";
			};
			name = Release;
		};
/* End XCBuildConfiguration section */

/* Begin XCConfigurationList section */
		ACC5367914DC81E400DC693F /* Build configuration list for PBXProject "LivelyStore" */ = {
			isa = XCConfigurationList;
			buildConfigurations = (
				ACC5368714DC81E500DC693F /* Debug */,
				ACC5368814DC81E500DC693F /* Release */,
			);
			defaultConfigurationIsVisible = 0;
			defaultConfigurationName = Release;
		};
		ACC5368914DC81E500DC693F /* Build configuration list for PBXNativeTarget "LivelyStore" */ = {
			isa = XCConfigurationList;
			buildConfigurations = (
				ACC5368A14DC81E500DC693F /* Debug */,
				ACC5368B14DC81E500DC693F /* Release */,
			);
			defaultConfigurationIsVisible = 0;
		};
/* End XCConfigurationList section */
	};
	rootObject = ACC5367614DC81E400DC693F /* Project object */;
}
